
Microsoft Visual Studio Solution File, Format Version 12.00
# Visual Studio Version 17
VisualStudioVersion = 17.4.33205.214
MinimumVisualStudioVersion = 10.0.40219.1
Project("{FAE04EC0-301F-11D3-BF4B-00C04F79EFBC}") = "ImageConsoleApp", "ImageConsoleApp\ImageConsoleApp.csproj", "{AE4D3DAE-232D-4847-9B65-2B16DF4FD1FB}"
EndProject
Project("{FAE04EC0-301F-11D3-BF4B-00C04F79EFBC}") = "ImageService", "ImageService\ImageService.csproj", "{FCF49515-1ED1-4E1C-8225-598FF022103F}"
EndProject
Project("{FAE04EC0-301F-11D3-BF4B-00C04F79EFBC}") = "ImageLibrary", "ImageLibrary\ImageLibrary.csproj", "{5819B895-3242-47E5-9E63-5D851080A775}"
EndProject
Global
	GlobalSection(SolutionConfigurationPlatforms) = preSolution
		Debug|Any CPU = Debug|Any CPU
		Release|Any CPU = Release|Any CPU
	EndGlobalSection
	GlobalSection(ProjectConfigurationPlatforms) = postSolution
		{AE4D3DAE-232D-4847-9B65-2B16DF4FD1FB}.Debug|Any CPU.ActiveCfg = Debug|Any CPU
		{AE4D3DAE-232D-4847-9B65-2B16DF4FD1FB}.Debug|Any CPU.Build.0 = Debug|Any CPU
		{AE4D3DAE-232D-4847-9B65-2B16DF4FD1FB}.Release|Any CPU.ActiveCfg = Release|Any CPU
		{AE4D3DAE-232D-4847-9B65-2B16DF4FD1FB}.Release|Any CPU.Build.0 = Release|Any CPU
		{FCF49515-1ED1-4E1C-8225-598FF022103F}.Debug|Any CPU.ActiveCfg = Debug|Any CPU
		{FCF49515-1ED1-4E1C-8225-598FF022103F}.Debug|Any CPU.Build.0 = Debug|Any CPU
		{FCF49515-1ED1-4E1C-8225-598FF022103F}.Release|Any CPU.ActiveCfg = Release|Any CPU
		{FCF49515-1ED1-4E1C-8225-598FF022103F}.Release|Any CPU.Build.0 = Release|Any CPU
		{5819B895-3242-47E5-9E63-5D851080A775}.Debug|Any CPU.ActiveCfg = Debug|Any CPU
		{5819B895-3242-47E5-9E63-5D851080A775}.Debug|Any CPU.Build.0 = Debug|Any CPU
		{5819B895-3242-47E5-9E63-5D851080A775}.Release|Any CPU.ActiveCfg = Release|Any CPU
		{5819B895-3242-47E5-9E63-5D851080A775}.Release|Any CPU.Build.0 = Release|Any CPU
	EndGlobalSection
	GlobalSection(SolutionProperties) = preSolution
		HideSolutionNode = FALSE
	EndGlobalSection
	GlobalSection(ExtensibilityGlobals) = postSolution
		SolutionGuid = {4C6AF26F-3134-42CE-9882-35874DD8B432}
	EndGlobalSection
EndGlobal
